
Microsoft Visual Studio Solution File, Format Version 12.00
# Visual Studio Version 17
VisualStudioVersion = 17.4.33103.184
MinimumVisualStudioVersion = 10.0.40219.1
Project("{FAE04EC0-301F-11D3-BF4B-00C04F79EFBC}") = "ClassMetotDemo", "ClassMetotDemo\ClassMetotDemo.csproj", "{972532D5-A61C-4BA4-A399-1B6AED97215D}"
EndProject
Global
	GlobalSection(SolutionConfigurationPlatforms) = preSolution
		Debug|Any CPU = Debug|Any CPU
		Release|Any CPU = Release|Any CPU
	EndGlobalSection
	GlobalSection(ProjectConfigurationPlatforms) = postSolution
		{972532D5-A61C-4BA4-A399-1B6AED97215D}.Debug|Any CPU.ActiveCfg = Debug|Any CPU
		{972532D5-A61C-4BA4-A399-1B6AED97215D}.Debug|Any CPU.Build.0 = Debug|Any CPU
		{972532D5-A61C-4BA4-A399-1B6AED97215D}.Release|Any CPU.ActiveCfg = Release|Any CPU
		{972532D5-A61C-4BA4-A399-1B6AED97215D}.Release|Any CPU.Build.0 = Release|Any CPU
	EndGlobalSection
	GlobalSection(SolutionProperties) = preSolution
		HideSolutionNode = FALSE
	EndGlobalSection
	GlobalSection(ExtensibilityGlobals) = postSolution
		SolutionGuid = {35894E02-3C6F-435C-8036-440A74AF2350}
	EndGlobalSection
EndGlobal
